
Microsoft Visual Studio Solution File, Format Version 12.00
# Visual Studio Version 17
VisualStudioVersion = 17.10.35027.167
MinimumVisualStudioVersion = 10.0.40219.1
Project("{FAE04EC0-301F-11D3-BF4B-00C04F79EFBC}") = "TOUR_MANAGERMENT", "TOUR_MANAGERMENT\TOUR_MANAGERMENT.csproj", "{DD2AF6C3-5A93-45C3-8E25-A07D00B1E9F9}"
EndProject
Global
	GlobalSection(SolutionConfigurationPlatforms) = preSolution
		Debug|Any CPU = Debug|Any CPU
		Release|Any CPU = Release|Any CPU
	EndGlobalSection
	GlobalSection(ProjectConfigurationPlatforms) = postSolution
		{DD2AF6C3-5A93-45C3-8E25-A07D00B1E9F9}.Debug|Any CPU.ActiveCfg = Debug|Any CPU
		{DD2AF6C3-5A93-45C3-8E25-A07D00B1E9F9}.Debug|Any CPU.Build.0 = Debug|Any CPU
		{DD2AF6C3-5A93-45C3-8E25-A07D00B1E9F9}.Release|Any CPU.ActiveCfg = Release|Any CPU
		{DD2AF6C3-5A93-45C3-8E25-A07D00B1E9F9}.Release|Any CPU.Build.0 = Release|Any CPU
	EndGlobalSection
	GlobalSection(SolutionProperties) = preSolution
		HideSolutionNode = FALSE
	EndGlobalSection
	GlobalSection(ExtensibilityGlobals) = postSolution
		SolutionGuid = {14258675-E997-433D-BF12-0E650CF1B7DC}
	EndGlobalSection
EndGlobal
